
Microsoft Visual Studio Solution File, Format Version 12.00
# Visual Studio Version 17
VisualStudioVersion = 17.4.33122.133
MinimumVisualStudioVersion = 10.0.40219.1
Project("{9A19103F-16F7-4668-BE54-9A1E7A4F7556}") = "PlatformService", "PlatformService\PlatformService.csproj", "{D8C7C44A-2B51-46C9-ACE2-92B88E2A3A18}"
EndProject
Project("{FAE04EC0-301F-11D3-BF4B-00C04F79EFBC}") = "CommandService", "CommandService\CommandService.csproj", "{23AC5E7B-3E13-4046-BFE8-F1F825874F92}"
EndProject
Global
	GlobalSection(SolutionConfigurationPlatforms) = preSolution
		Debug|Any CPU = Debug|Any CPU
		Release|Any CPU = Release|Any CPU
	EndGlobalSection
	GlobalSection(ProjectConfigurationPlatforms) = postSolution
		{D8C7C44A-2B51-46C9-ACE2-92B88E2A3A18}.Debug|Any CPU.ActiveCfg = Debug|Any CPU
		{D8C7C44A-2B51-46C9-ACE2-92B88E2A3A18}.Debug|Any CPU.Build.0 = Debug|Any CPU
		{D8C7C44A-2B51-46C9-ACE2-92B88E2A3A18}.Release|Any CPU.ActiveCfg = Release|Any CPU
		{D8C7C44A-2B51-46C9-ACE2-92B88E2A3A18}.Release|Any CPU.Build.0 = Release|Any CPU
		{23AC5E7B-3E13-4046-BFE8-F1F825874F92}.Debug|Any CPU.ActiveCfg = Debug|Any CPU
		{23AC5E7B-3E13-4046-BFE8-F1F825874F92}.Debug|Any CPU.Build.0 = Debug|Any CPU
		{23AC5E7B-3E13-4046-BFE8-F1F825874F92}.Release|Any CPU.ActiveCfg = Release|Any CPU
		{23AC5E7B-3E13-4046-BFE8-F1F825874F92}.Release|Any CPU.Build.0 = Release|Any CPU
	EndGlobalSection
	GlobalSection(SolutionProperties) = preSolution
		HideSolutionNode = FALSE
	EndGlobalSection
	GlobalSection(ExtensibilityGlobals) = postSolution
		SolutionGuid = {AA5C4FB7-057E-446D-AB84-4BA71AA17C46}
	EndGlobalSection
EndGlobal
